
Microsoft Visual Studio Solution File, Format Version 12.00
# Visual Studio Version 17
VisualStudioVersion = 17.7.34221.43
MinimumVisualStudioVersion = 10.0.40219.1
Project("{FAE04EC0-301F-11D3-BF4B-00C04F79EFBC}") = "ClackosProj2", "ClackosProj2\ClackosProj2.csproj", "{ADECD700-CF21-4D13-A70D-DB7CD2524C0C}"
EndProject
Global
	GlobalSection(SolutionConfigurationPlatforms) = preSolution
		Debug|Any CPU = Debug|Any CPU
		Release|Any CPU = Release|Any CPU
	EndGlobalSection
	GlobalSection(ProjectConfigurationPlatforms) = postSolution
		{ADECD700-CF21-4D13-A70D-DB7CD2524C0C}.Debug|Any CPU.ActiveCfg = Debug|Any CPU
		{ADECD700-CF21-4D13-A70D-DB7CD2524C0C}.Debug|Any CPU.Build.0 = Debug|Any CPU
		{ADECD700-CF21-4D13-A70D-DB7CD2524C0C}.Release|Any CPU.ActiveCfg = Release|Any CPU
		{ADECD700-CF21-4D13-A70D-DB7CD2524C0C}.Release|Any CPU.Build.0 = Release|Any CPU
	EndGlobalSection
	GlobalSection(SolutionProperties) = preSolution
		HideSolutionNode = FALSE
	EndGlobalSection
	GlobalSection(ExtensibilityGlobals) = postSolution
		SolutionGuid = {337E2B58-42E6-4B3B-859B-96AD9FF68957}
	EndGlobalSection
EndGlobal
