
Microsoft Visual Studio Solution File, Format Version 12.00
# Visual Studio Version 17
VisualStudioVersion = 17.5.002.0
MinimumVisualStudioVersion = 10.0.40219.1
Project("{9A19103F-16F7-4668-BE54-9A1E7A4F7556}") = "ClackosProj2", "ClackosProj2.csproj", "{E441FD52-1E40-4E81-9B47-01B800CF18B7}"
EndProject
Global
	GlobalSection(SolutionConfigurationPlatforms) = preSolution
		Debug|Any CPU = Debug|Any CPU
		Release|Any CPU = Release|Any CPU
	EndGlobalSection
	GlobalSection(ProjectConfigurationPlatforms) = postSolution
		{E441FD52-1E40-4E81-9B47-01B800CF18B7}.Debug|Any CPU.ActiveCfg = Debug|Any CPU
		{E441FD52-1E40-4E81-9B47-01B800CF18B7}.Debug|Any CPU.Build.0 = Debug|Any CPU
		{E441FD52-1E40-4E81-9B47-01B800CF18B7}.Release|Any CPU.ActiveCfg = Release|Any CPU
		{E441FD52-1E40-4E81-9B47-01B800CF18B7}.Release|Any CPU.Build.0 = Release|Any CPU
	EndGlobalSection
	GlobalSection(SolutionProperties) = preSolution
		HideSolutionNode = FALSE
	EndGlobalSection
	GlobalSection(ExtensibilityGlobals) = postSolution
		SolutionGuid = {E5E49C4A-DA4C-4E70-A864-22E44B9A9FD3}
	EndGlobalSection
EndGlobal
